
Microsoft Visual Studio Solution File, Format Version 12.00
# Visual Studio Version 17
VisualStudioVersion = 17.7.34221.43
MinimumVisualStudioVersion = 10.0.40219.1
Project("{FAE04EC0-301F-11D3-BF4B-00C04F79EFBC}") = "aed-trabalho", "aed-trabalho\aed-trabalho.csproj", "{D73CCA1C-4C3D-468F-B359-EA8C4C8705E6}"
EndProject
Global
	GlobalSection(SolutionConfigurationPlatforms) = preSolution
		Debug|Any CPU = Debug|Any CPU
		Release|Any CPU = Release|Any CPU
	EndGlobalSection
	GlobalSection(ProjectConfigurationPlatforms) = postSolution
		{D73CCA1C-4C3D-468F-B359-EA8C4C8705E6}.Debug|Any CPU.ActiveCfg = Debug|Any CPU
		{D73CCA1C-4C3D-468F-B359-EA8C4C8705E6}.Debug|Any CPU.Build.0 = Debug|Any CPU
		{D73CCA1C-4C3D-468F-B359-EA8C4C8705E6}.Release|Any CPU.ActiveCfg = Release|Any CPU
		{D73CCA1C-4C3D-468F-B359-EA8C4C8705E6}.Release|Any CPU.Build.0 = Release|Any CPU
	EndGlobalSection
	GlobalSection(SolutionProperties) = preSolution
		HideSolutionNode = FALSE
	EndGlobalSection
	GlobalSection(ExtensibilityGlobals) = postSolution
		SolutionGuid = {857E62C6-77F5-4E54-9992-F817FD127611}
	EndGlobalSection
EndGlobal
